// !$*UTF8*$!
{
	archiveVersion = 1;
	classes = {
	};
	objectVersion = 50;
	objects = {

/* Begin PBXBuildFile section */
		6BB3CDCD216947B100FF1519 /* AppDelegate.swift in Sources */ = {isa = PBXBuildFile; fileRef = 6BB3CDCC216947B100FF1519 /* AppDelegate.swift */; };
		6BB3CDCF216947B100FF1519 /* ViewController.swift in Sources */ = {isa = PBXBuildFile; fileRef = 6BB3CDCE216947B100FF1519 /* ViewController.swift */; };
		6BB3CDD2216947B100FF1519 /* Main.storyboard in Resources */ = {isa = PBXBuildFile; fileRef = 6BB3CDD0216947B100FF1519 /* Main.storyboard */; };
		6BB3CDD5216947B100FF1519 /* ToDoEY.xcdatamodeld in Sources */ = {isa = PBXBuildFile; fileRef = 6BB3CDD3216947B100FF1519 /* ToDoEY.xcdatamodeld */; };
		6BB3CDD7216947B300FF1519 /* Assets.xcassets in Resources */ = {isa = PBXBuildFile; fileRef = 6BB3CDD6216947B300FF1519 /* Assets.xcassets */; };
		6BB3CDDA216947B300FF1519 /* LaunchScreen.storyboard in Resources */ = {isa = PBXBuildFile; fileRef = 6BB3CDD8216947B300FF1519 /* LaunchScreen.storyboard */; };
		6BB3CDE5216947B300FF1519 /* ToDoEYTests.swift in Sources */ = {isa = PBXBuildFile; fileRef = 6BB3CDE4216947B300FF1519 /* ToDoEYTests.swift */; };
		6BB3CDF0216947B400FF1519 /* ToDoEYUITests.swift in Sources */ = {isa = PBXBuildFile; fileRef = 6BB3CDEF216947B400FF1519 /* ToDoEYUITests.swift */; };
/* End PBXBuildFile section */

/* Begin PBXContainerItemProxy section */
		6BB3CDE1216947B300FF1519 /* PBXContainerItemProxy */ = {
			isa = PBXContainerItemProxy;
			containerPortal = 6BB3CDC1216947B100FF1519 /* Project object */;
			proxyType = 1;
			remoteGlobalIDString = 6BB3CDC8216947B100FF1519;
			remoteInfo = ToDoEY;
		};
		6BB3CDEC216947B400FF1519 /* PBXContainerItemProxy */ = {
			isa = PBXContainerItemProxy;
			containerPortal = 6BB3CDC1216947B100FF1519 /* Project object */;
			proxyType = 1;
			remoteGlobalIDString = 6BB3CDC8216947B100FF1519;
			remoteInfo = ToDoEY;
		};
/* End PBXContainerItemProxy section */

/* Begin PBXFileReference section */
		6BB3CDC9216947B100FF1519 /* ToDoEY.app */ = {isa = PBXFileReference; explicitFileType = wrapper.application; includeInIndex = 0; path = ToDoEY.app; sourceTree = BUILT_PRODUCTS_DIR; };
		6BB3CDCC216947B100FF1519 /* AppDelegate.swift */ = {isa = PBXFileReference; lastKnownFileType = sourcecode.swift; path = AppDelegate.swift; sourceTree = "<group>"; };
		6BB3CDCE216947B100FF1519 /* ViewController.swift */ = {isa = PBXFileReference; lastKnownFileType = sourcecode.swift; path = ViewController.swift; sourceTree = "<group>"; };
		6BB3CDD1216947B100FF1519 /* Base */ = {isa = PBXFileReference; lastKnownFileType = file.storyboard; name = Base; path = Base.lproj/Main.storyboard; sourceTree = "<group>"; };
		6BB3CDD4216947B100FF1519 /* ToDoEY.xcdatamodel */ = {isa = PBXFileReference; lastKnownFileType = wrapper.xcdatamodel; path = ToDoEY.xcdatamodel; sourceTree = "<group>"; };
		6BB3CDD6216947B300FF1519 /* Assets.xcassets */ = {isa = PBXFileReference; lastKnownFileType = folder.assetcatalog; path = Assets.xcassets; sourceTree = "<group>"; };
		6BB3CDD9216947B300FF1519 /* Base */ = {isa = PBXFileReference; lastKnownFileType = file.storyboard; name = Base; path = Base.lproj/LaunchScreen.storyboard; sourceTree = "<group>"; };
		6BB3CDDB216947B300FF1519 /* Info.plist */ = {isa = PBXFileReference; lastKnownFileType = text.plist.xml; path = Info.plist; sourceTree = "<group>"; };
		6BB3CDE0216947B300FF1519 /* ToDoEYTests.xctest */ = {isa = PBXFileReference; explicitFileType = wrapper.cfbundle; includeInIndex = 0; path = ToDoEYTests.xctest; sourceTree = BUILT_PRODUCTS_DIR; };
		6BB3CDE4216947B300FF1519 /* ToDoEYTests.swift */ = {isa = PBXFileReference; lastKnownFileType = sourcecode.swift; path = ToDoEYTests.swift; sourceTree = "<group>"; };
		6BB3CDE6216947B300FF1519 /* Info.plist */ = {isa = PBXFileReference; lastKnownFileType = text.plist.xml; path = Info.plist; sourceTree = "<group>"; };
		6BB3CDEB216947B400FF1519 /* ToDoEYUITests.xctest */ = {isa = PBXFileReference; explicitFileType = wrapper.cfbundle; includeInIndex = 0; path = ToDoEYUITests.xctest; sourceTree = BUILT_PRODUCTS_DIR; };
		6BB3CDEF216947B400FF1519 /* ToDoEYUITests.swift */ = {isa = PBXFileReference; lastKnownFileType = sourcecode.swift; path = ToDoEYUITests.swift; sourceTree = "<group>"; };
		6BB3CDF1216947B400FF1519 /* Info.plist */ = {isa = PBXFileReference; lastKnownFileType = text.plist.xml; path = Info.plist; sourceTree = "<group>"; };
/* End PBXFileReference section */

/* Begin PBXFrameworksBuildPhase section */
		6BB3CDC6216947B100FF1519 /* Frameworks */ = {
			isa = PBXFrameworksBuildPhase;
			buildActionMask = 2147483647;
			files = (
			);
			runOnlyForDeploymentPostprocessing = 0;
		};
		6BB3CDDD216947B300FF1519 /* Frameworks */ = {
			isa = PBXFrameworksBuildPhase;
			buildActionMask = 2147483647;
			files = (
			);
			runOnlyForDeploymentPostprocessing = 0;
		};
		6BB3CDE8216947B400FF1519 /* Frameworks */ = {
			isa = PBXFrameworksBuildPhase;
			buildActionMask = 2147483647;
			files = (
			);
			runOnlyForDeploymentPostprocessing = 0;
		};
/* End PBXFrameworksBuildPhase section */

/* Begin PBXGroup section */
		6BB3CDC0216947B100FF1519 = {
			isa = PBXGroup;
			children = (
				6BB3CDCB216947B100FF1519 /* ToDoEY */,
				6BB3CDE3216947B300FF1519 /* ToDoEYTests */,
				6BB3CDEE216947B400FF1519 /* ToDoEYUITests */,
				6BB3CDCA216947B100FF1519 /* Products */,
			);
			sourceTree = "<group>";
		};
		6BB3CDCA216947B100FF1519 /* Products */ = {
			isa = PBXGroup;
			children = (
				6BB3CDC9216947B100FF1519 /* ToDoEY.app */,
				6BB3CDE0216947B300FF1519 /* ToDoEYTests.xctest */,
				6BB3CDEB216947B400FF1519 /* ToDoEYUITests.xctest */,
			);
			name = Products;
			sourceTree = "<group>";
		};
		6BB3CDCB216947B100FF1519 /* ToDoEY */ = {
			isa = PBXGroup;
			children = (
				6BB3CDCC216947B100FF1519 /* AppDelegate.swift */,
				6BB3CDCE216947B100FF1519 /* ViewController.swift */,
				6BB3CDD0216947B100FF1519 /* Main.storyboard */,
				6BB3CDD6216947B300FF1519 /* Assets.xcassets */,
				6BB3CDD8216947B300FF1519 /* LaunchScreen.storyboard */,
				6BB3CDDB216947B300FF1519 /* Info.plist */,
				6BB3CDD3216947B100FF1519 /* ToDoEY.xcdatamodeld */,
			);
			path = ToDoEY;
			sourceTree = "<group>";
		};
		6BB3CDE3216947B300FF1519 /* ToDoEYTests */ = {
			isa = PBXGroup;
			children = (
				6BB3CDE4216947B300FF1519 /* ToDoEYTests.swift */,
				6BB3CDE6216947B300FF1519 /* Info.plist */,
			);
			path = ToDoEYTests;
			sourceTree = "<group>";
		};
		6BB3CDEE216947B400FF1519 /* ToDoEYUITests */ = {
			isa = PBXGroup;
			children = (
				6BB3CDEF216947B400FF1519 /* ToDoEYUITests.swift */,
				6BB3CDF1216947B400FF1519 /* Info.plist */,
			);
			path = ToDoEYUITests;
			sourceTree = "<group>";
		};
/* End PBXGroup section */

/* Begin PBXNativeTarget section */
		6BB3CDC8216947B100FF1519 /* ToDoEY */ = {
			isa = PBXNativeTarget;
			buildConfigurationList = 6BB3CDF4216947B400FF1519 /* Build configuration list for PBXNativeTarget "ToDoEY" */;
			buildPhases = (
				6BB3CDC5216947B100FF1519 /* Sources */,
				6BB3CDC6216947B100FF1519 /* Frameworks */,
				6BB3CDC7216947B100FF1519 /* Resources */,
			);
			buildRules = (
			);
			dependencies = (
			);
			name = ToDoEY;
			productName = ToDoEY;
			productReference = 6BB3CDC9216947B100FF1519 /* ToDoEY.app */;
			productType = "com.apple.product-type.application";
		};
		6BB3CDDF216947B300FF1519 /* ToDoEYTests */ = {
			isa = PBXNativeTarget;
			buildConfigurationList = 6BB3CDF7216947B400FF1519 /* Build configuration list for PBXNativeTarget "ToDoEYTests" */;
			buildPhases = (
				6BB3CDDC216947B300FF1519 /* Sources */,
				6BB3CDDD216947B300FF1519 /* Frameworks */,
				6BB3CDDE216947B300FF1519 /* Resources */,
			);
			buildRules = (
			);
			dependencies = (
				6BB3CDE2216947B300FF1519 /* PBXTargetDependency */,
			);
			name = ToDoEYTests;
			productName = ToDoEYTests;
			productReference = 6BB3CDE0216947B300FF1519 /* ToDoEYTests.xctest */;
			productType = "com.apple.product-type.bundle.unit-test";
		};
		6BB3CDEA216947B400FF1519 /* ToDoEYUITests */ = {
			isa = PBXNativeTarget;
			buildConfigurationList = 6BB3CDFA216947B400FF1519 /* Build configuration list for PBXNativeTarget "ToDoEYUITests" */;
			buildPhases = (
				6BB3CDE7216947B400FF1519 /* Sources */,
				6BB3CDE8216947B400FF1519 /* Frameworks */,
				6BB3CDE9216947B400FF1519 /* Resources */,
			);
			buildRules = (
			);
			dependencies = (
				6BB3CDED216947B400FF1519 /* PBXTargetDependency */,
			);
			name = ToDoEYUITests;
			productName = ToDoEYUITests;
			productReference = 6BB3CDEB216947B400FF1519 /* ToDoEYUITests.xctest */;
			productType = "com.apple.product-type.bundle.ui-testing";
		};
/* End PBXNativeTarget section */

/* Begin PBXProject section */
		6BB3CDC1216947B100FF1519 /* Project object */ = {
			isa = PBXProject;
			attributes = {
				LastSwiftUpdateCheck = 1000;
				LastUpgradeCheck = 1000;
				ORGANIZATIONNAME = "Tufael Ahmed";
				TargetAttributes = {
					6BB3CDC8216947B100FF1519 = {
						CreatedOnToolsVersion = 10.0;
					};
					6BB3CDDF216947B300FF1519 = {
						CreatedOnToolsVersion = 10.0;
						TestTargetID = 6BB3CDC8216947B100FF1519;
					};
					6BB3CDEA216947B400FF1519 = {
						CreatedOnToolsVersion = 10.0;
						TestTargetID = 6BB3CDC8216947B100FF1519;
					};
				};
			};
			buildConfigurationList = 6BB3CDC4216947B100FF1519 /* Build configuration list for PBXProject "ToDoEY" */;
			compatibilityVersion = "Xcode 9.3";
			developmentRegion = en;
			hasScannedForEncodings = 0;
			knownRegions = (
				en,
				Base,
			);
			mainGroup = 6BB3CDC0216947B100FF1519;
			productRefGroup = 6BB3CDCA216947B100FF1519 /* Products */;
			projectDirPath = "";
			projectRoot = "";
			targets = (
				6BB3CDC8216947B100FF1519 /* ToDoEY */,
				6BB3CDDF216947B300FF1519 /* ToDoEYTests */,
				6BB3CDEA216947B400FF1519 /* ToDoEYUITests */,
			);
		};
/* End PBXProject section */

/* Begin PBXResourcesBuildPhase section */
		6BB3CDC7216947B100FF1519 /* Resources */ = {
			isa = PBXResourcesBuildPhase;
			buildActionMask = 2147483647;
			files = (
				6BB3CDDA216947B300FF1519 /* LaunchScreen.storyboard in Resources */,
				6BB3CDD7216947B300FF1519 /* Assets.xcassets in Resources */,
				6BB3CDD2216947B100FF1519 /* Main.storyboard in Resources */,
			);
			runOnlyForDeploymentPostprocessing = 0;
		};
		6BB3CDDE216947B300FF1519 /* Resources */ = {
			isa = PBXResourcesBuildPhase;
			buildActionMask = 2147483647;
			files = (
			);
			runOnlyForDeploymentPostprocessing = 0;
		};
		6BB3CDE9216947B400FF1519 /* Resources */ = {
			isa = PBXResourcesBuildPhase;
			buildActionMask = 2147483647;
			files = (
			);
			runOnlyForDeploymentPostprocessing = 0;
		};
/* End PBXResourcesBuildPhase section */

/* Begin PBXSourcesBuildPhase section */
		6BB3CDC5216947B100FF1519 /* Sources */ = {
			isa = PBXSourcesBuildPhase;
			buildActionMask = 2147483647;
			files = (
				6BB3CDCF216947B100FF1519 /* ViewController.swift in Sources */,
				6BB3CDD5216947B100FF1519 /* ToDoEY.xcdatamodeld in Sources */,
				6BB3CDCD216947B100FF1519 /* AppDelegate.swift in Sources */,
			);
			runOnlyForDeploymentPostprocessing = 0;
		};
		6BB3CDDC216947B300FF1519 /* Sources */ = {
			isa = PBXSourcesBuildPhase;
			buildActionMask = 2147483647;
			files = (
				6BB3CDE5216947B300FF1519 /* ToDoEYTests.swift in Sources */,
			);
			runOnlyForDeploymentPostprocessing = 0;
		};
		6BB3CDE7216947B400FF1519 /* Sources */ = {
			isa = PBXSourcesBuildPhase;
			buildActionMask = 2147483647;
			files = (
				6BB3CDF0216947B400FF1519 /* ToDoEYUITests.swift in Sources */,
			);
			runOnlyForDeploymentPostprocessing = 0;
		};
/* End PBXSourcesBuildPhase section */

/* Begin PBXTargetDependency section */
		6BB3CDE2216947B300FF1519 /* PBXTargetDependency */ = {
			isa = PBXTargetDependency;
			target = 6BB3CDC8216947B100FF1519 /* ToDoEY */;
			targetProxy = 6BB3CDE1216947B300FF1519 /* PBXContainerItemProxy */;
		};
		6BB3CDED216947B400FF1519 /* PBXTargetDependency */ = {
			isa = PBXTargetDependency;
			target = 6BB3CDC8216947B100FF1519 /* ToDoEY */;
			targetProxy = 6BB3CDEC216947B400FF1519 /* PBXContainerItemProxy */;
		};
/* End PBXTargetDependency section */

/* Begin PBXVariantGroup section */
		6BB3CDD0216947B100FF1519 /* Main.storyboard */ = {
			isa = PBXVariantGroup;
			children = (
				6BB3CDD1216947B100FF1519 /* Base */,
			);
			name = Main.storyboard;
			sourceTree = "<group>";
		};
		6BB3CDD8216947B300FF1519 /* LaunchScreen.storyboard */ = {
			isa = PBXVariantGroup;
			children = (
				6BB3CDD9216947B300FF1519 /* Base */,
			);
			name = LaunchScreen.storyboard;
			sourceTree = "<group>";
		};
/* End PBXVariantGroup section */

/* Begin XCBuildConfiguration section */
		6BB3CDF2216947B400FF1519 /* Debug */ = {
			isa = XCBuildConfiguration;
			buildSettings = {
				ALWAYS_SEARCH_USER_PATHS = NO;
				CLANG_ANALYZER_NONNULL = YES;
				CLANG_ANALYZER_NUMBER_OBJECT_CONVERSION = YES_AGGRESSIVE;
				CLANG_CXX_LANGUAGE_STANDARD = "gnu++14";
				CLANG_CXX_LIBRARY = "libc++";
				CLANG_ENABLE_MODULES = YES;
				CLANG_ENABLE_OBJC_ARC = YES;
				CLANG_ENABLE_OBJC_WEAK = YES;
				CLANG_WARN_BLOCK_CAPTURE_AUTORELEASING = YES;
				CLANG_WARN_BOOL_CONVERSION = YES;
				CLANG_WARN_COMMA = YES;
				CLANG_WARN_CONSTANT_CONVERSION = YES;
				CLANG_WARN_DEPRECATED_OBJC_IMPLEMENTATIONS = YES;
				CLANG_WARN_DIRECT_OBJC_ISA_USAGE = YES_ERROR;
				CLANG_WARN_DOCUMENTATION_COMMENTS = YES;
				CLANG_WARN_EMPTY_BODY = YES;
				CLANG_WARN_ENUM_CONVERSION = YES;
				CLANG_WARN_INFINITE_RECURSION = YES;
				CLANG_WARN_INT_CONVERSION = YES;
				CLANG_WARN_NON_LITERAL_NULL_CONVERSION = YES;
				CLANG_WARN_OBJC_IMPLICIT_RETAIN_SELF = YES;
				CLANG_WARN_OBJC_LITERAL_CONVERSION = YES;
				CLANG_WARN_OBJC_ROOT_CLASS = YES_ERROR;
				CLANG_WARN_RANGE_LOOP_ANALYSIS = YES;
				CLANG_WARN_STRICT_PROTOTYPES = YES;
				CLANG_WARN_SUSPICIOUS_MOVE = YES;
				CLANG_WARN_UNGUARDED_AVAILABILITY = YES_AGGRESSIVE;
				CLANG_WARN_UNREACHABLE_CODE = YES;
				CLANG_WARN__DUPLICATE_METHOD_MATCH = YES;
				CODE_SIGN_IDENTITY = "iPhone Developer";
				COPY_PHASE_STRIP = NO;
				DEBUG_INFORMATION_FORMAT = dwarf;
				ENABLE_STRICT_OBJC_MSGSEND = YES;
				ENABLE_TESTABILITY = YES;
				GCC_C_LANGUAGE_STANDARD = gnu11;
				GCC_DYNAMIC_NO_PIC = NO;
				GCC_NO_COMMON_BLOCKS = YES;
				GCC_OPTIMIZATION_LEVEL = 0;
				GCC_PREPROCESSOR_DEFINITIONS = (
					"DEBUG=1",
					"$(inherited)",
				);
				GCC_WARN_64_TO_32_BIT_CONVERSION = YES;
				GCC_WARN_ABOUT_RETURN_TYPE = YES_ERROR;
				GCC_WARN_UNDECLARED_SELECTOR = YES;
				GCC_WARN_UNINITIALIZED_AUTOS = YES_AGGRESSIVE;
				GCC_WARN_UNUSED_FUNCTION = YES;
				GCC_WARN_UNUSED_VARIABLE = YES;
				IPHONEOS_DEPLOYMENT_TARGET = 12.0;
				MTL_ENABLE_DEBUG_INFO = INCLUDE_SOURCE;
				MTL_FAST_MATH = YES;
				ONLY_ACTIVE_ARCH = YES;
				SDKROOT = iphoneos;
				SWIFT_ACTIVE_COMPILATION_CONDITIONS = DEBUG;
				SWIFT_OPTIMIZATION_LEVEL = "-Onone";
			};
			name = Debug;
		};
		6BB3CDF3216947B400FF1519 /* Release */ = {
			isa = XCBuildConfiguration;
			buildSettings = {
				ALWAYS_SEARCH_USER_PATHS = NO;
				CLANG_ANALYZER_NONNULL = YES;
				CLANG_ANALYZER_NUMBER_OBJECT_CONVERSION = YES_AGGRESSIVE;
				CLANG_CXX_LANGUAGE_STANDARD = "gnu++14";
				CLANG_CXX_LIBRARY = "libc++";
				CLANG_ENABLE_MODULES = YES;
				CLANG_ENABLE_OBJC_ARC = YES;
				CLANG_ENABLE_OBJC_WEAK = YES;
				CLANG_WARN_BLOCK_CAPTURE_AUTORELEASING = YES;
				CLANG_WARN_BOOL_CONVERSION = YES;
				CLANG_WARN_COMMA = YES;
				CLANG_WARN_CONSTANT_CONVERSION = YES;
				CLANG_WARN_DEPRECATED_OBJC_IMPLEMENTATIONS = YES;
				CLANG_WARN_DIRECT_OBJC_ISA_USAGE = YES_ERROR;
				CLANG_WARN_DOCUMENTATION_COMMENTS = YES;
				CLANG_WARN_EMPTY_BODY = YES;
				CLANG_WARN_ENUM_CONVERSION = YES;
				CLANG_WARN_INFINITE_RECURSION = YES;
				CLANG_WARN_INT_CONVERSION = YES;
				CLANG_WARN_NON_LITERAL_NULL_CONVERSION = YES;
				CLANG_WARN_OBJC_IMPLICIT_RETAIN_SELF = YES;
				CLANG_WARN_OBJC_LITERAL_CONVERSION = YES;
				CLANG_WARN_OBJC_ROOT_CLASS = YES_ERROR;
				CLANG_WARN_RANGE_LOOP_ANALYSIS = YES;
				CLANG_WARN_STRICT_PROTOTYPES = YES;
				CLANG_WARN_SUSPICIOUS_MOVE = YES;
				CLANG_WARN_UNGUARDED_AVAILABILITY = YES_AGGRESSIVE;
				CLANG_WARN_UNREACHABLE_CODE = YES;
				CLANG_WARN__DUPLICATE_METHOD_MATCH = YES;
				CODE_SIGN_IDENTITY = "iPhone Developer";
				COPY_PHASE_STRIP = NO;
				DEBUG_INFORMATION_FORMAT = "dwarf-with-dsym";
				ENABLE_NS_ASSERTIONS = NO;
				ENABLE_STRICT_OBJC_MSGSEND = YES;
				GCC_C_LANGUAGE_STANDARD = gnu11;
				GCC_NO_COMMON_BLOCKS = YES;
				GCC_WARN_64_TO_32_BIT_CONVERSION = YES;
				GCC_WARN_ABOUT_RETURN_TYPE = YES_ERROR;
				GCC_WARN_UNDECLARED_SELECTOR = YES;
				GCC_WARN_UNINITIALIZED_AUTOS = YES_AGGRESSIVE;
				GCC_WARN_UNUSED_FUNCTION = YES;
				GCC_WARN_UNUSED_VARIABLE = YES;
				IPHONEOS_DEPLOYMENT_TARGET = 12.0;
				MTL_ENABLE_DEBUG_INFO = NO;
				MTL_FAST_MATH = YES;
				SDKROOT = iphoneos;
				SWIFT_COMPILATION_MODE = wholemodule;
				SWIFT_OPTIMIZATION_LEVEL = "-O";
				VALIDATE_PRODUCT = YES;
			};
			name = Release;
		};
		6BB3CDF5216947B400FF1519 /* Debug */ = {
			isa = XCBuildConfiguration;
			buildSettings = {
				ASSETCATALOG_COMPILER_APPICON_NAME = AppIcon;
				CODE_SIGN_STYLE = Automatic;
				DEVELOPMENT_TEAM = 7K582GMRDL;
				INFOPLIST_FILE = ToDoEY/Info.plist;
				LD_RUNPATH_SEARCH_PATHS = (
					"$(inherited)",
					"@executable_path/Frameworks",
				);
				PRODUCT_BUNDLE_IDENTIFIER = com.TufaelAhmed.ToDoEY;
				PRODUCT_NAME = "$(TARGET_NAME)";
				SWIFT_VERSION = 4.2;
				TARGETED_DEVICE_FAMILY = "1,2";
			};
			name = Debug;
		};
		6BB3CDF6216947B400FF1519 /* Release */ = {
			isa = XCBuildConfiguration;
			buildSettings = {
				ASSETCATALOG_COMPILER_APPICON_NAME = AppIcon;
				CODE_SIGN_STYLE = Automatic;
				DEVELOPMENT_TEAM = 7K582GMRDL;
				INFOPLIST_FILE = ToDoEY/Info.plist;
				LD_RUNPATH_SEARCH_PATHS = (
					"$(inherited)",
					"@executable_path/Frameworks",
				);
				PRODUCT_BUNDLE_IDENTIFIER = com.TufaelAhmed.ToDoEY;
				PRODUCT_NAME = "$(TARGET_NAME)";
				SWIFT_VERSION = 4.2;
				TARGETED_DEVICE_FAMILY = "1,2";
			};
			name = Release;
		};
		6BB3CDF8216947B400FF1519 /* Debug */ = {
			isa = XCBuildConfiguration;
			buildSettings = {
				ALWAYS_EMBED_SWIFT_STANDARD_LIBRARIES = YES;
				BUNDLE_LOADER = "$(TEST_HOST)";
				CODE_SIGN_STYLE = Automatic;
				DEVELOPMENT_TEAM = 7K582GMRDL;
				INFOPLIST_FILE = ToDoEYTests/Info.plist;
				LD_RUNPATH_SEARCH_PATHS = (
					"$(inherited)",
					"@executable_path/Frameworks",
					"@loader_path/Frameworks",
				);
				PRODUCT_BUNDLE_IDENTIFIER = com.TufaelAhmed.ToDoEYTests;
				PRODUCT_NAME = "$(TARGET_NAME)";
				SWIFT_VERSION = 4.2;
				TARGETED_DEVICE_FAMILY = "1,2";
				TEST_HOST = "$(BUILT_PRODUCTS_DIR)/ToDoEY.app/ToDoEY";
			};
			name = Debug;
		};
		6BB3CDF9216947B400FF1519 /* Release */ = {
			isa = XCBuildConfiguration;
			buildSettings = {
				ALWAYS_EMBED_SWIFT_STANDARD_LIBRARIES = YES;
				BUNDLE_LOADER = "$(TEST_HOST)";
				CODE_SIGN_STYLE = Automatic;
				DEVELOPMENT_TEAM = 7K582GMRDL;
				INFOPLIST_FILE = ToDoEYTests/Info.plist;
				LD_RUNPATH_SEARCH_PATHS = (
					"$(inherited)",
					"@executable_path/Frameworks",
					"@loader_path/Frameworks",
				);
				PRODUCT_BUNDLE_IDENTIFIER = com.TufaelAhmed.ToDoEYTests;
				PRODUCT_NAME = "$(TARGET_NAME)";
				SWIFT_VERSION = 4.2;
				TARGETED_DEVICE_FAMILY = "1,2";
				TEST_HOST = "$(BUILT_PRODUCTS_DIR)/ToDoEY.app/ToDoEY";
			};
			name = Release;
		};
		6BB3CDFB216947B400FF1519 /* Debug */ = {
			isa = XCBuildConfiguration;
			buildSettings = {
				ALWAYS_EMBED_SWIFT_STANDARD_LIBRARIES = YES;
				CODE_SIGN_STYLE = Automatic;
				DEVELOPMENT_TEAM = 7K582GMRDL;
				INFOPLIST_FILE = ToDoEYUITests/Info.plist;
				LD_RUNPATH_SEARCH_PATHS = (
					"$(inherited)",
					"@executable_path/Frameworks",
					"@loader_path/Frameworks",
				);
				PRODUCT_BUNDLE_IDENTIFIER = com.TufaelAhmed.ToDoEYUITests;
				PRODUCT_NAME = "$(TARGET_NAME)";
				SWIFT_VERSION = 4.2;
				TARGETED_DEVICE_FAMILY = "1,2";
				TEST_TARGET_NAME = ToDoEY;
			};
			name = Debug;
		};
		6BB3CDFC216947B400FF1519 /* Release */ = {
			isa = XCBuildConfiguration;
			buildSettings = {
				ALWAYS_EMBED_SWIFT_STANDARD_LIBRARIES = YES;
				CODE_SIGN_STYLE = Automatic;
				DEVELOPMENT_TEAM = 7K582GMRDL;
				INFOPLIST_FILE = ToDoEYUITests/Info.plist;
				LD_RUNPATH_SEARCH_PATHS = (
					"$(inherited)",
					"@executable_path/Frameworks",
					"@loader_path/Frameworks",
				);
				PRODUCT_BUNDLE_IDENTIFIER = com.TufaelAhmed.ToDoEYUITests;
				PRODUCT_NAME = "$(TARGET_NAME)";
				SWIFT_VERSION = 4.2;
				TARGETED_DEVICE_FAMILY = "1,2";
				TEST_TARGET_NAME = ToDoEY;
			};
			name = Release;
		};
/* End XCBuildConfiguration section */

/* Begin XCConfigurationList section */
		6BB3CDC4216947B100FF1519 /* Build configuration list for PBXProject "ToDoEY" */ = {
			isa = XCConfigurationList;
			buildConfigurations = (
				6BB3CDF2216947B400FF1519 /* Debug */,
				6BB3CDF3216947B400FF1519 /* Release */,
			);
			defaultConfigurationIsVisible = 0;
			defaultConfigurationName = Release;
		};
		6BB3CDF4216947B400FF1519 /* Build configuration list for PBXNativeTarget "ToDoEY" */ = {
			isa = XCConfigurationList;
			buildConfigurations = (
				6BB3CDF5216947B400FF1519 /* Debug */,
				6BB3CDF6216947B400FF1519 /* Release */,
			);
			defaultConfigurationIsVisible = 0;
			defaultConfigurationName = Release;
		};
		6BB3CDF7216947B400FF1519 /* Build configuration list for PBXNativeTarget "ToDoEYTests" */ = {
			isa = XCConfigurationList;
			buildConfigurations = (
				6BB3CDF8216947B400FF1519 /* Debug */,
				6BB3CDF9216947B400FF1519 /* Release */,
			);
			defaultConfigurationIsVisible = 0;
			defaultConfigurationName = Release;
		};
		6BB3CDFA216947B400FF1519 /* Build configuration list for PBXNativeTarget "ToDoEYUITests" */ = {
			isa = XCConfigurationList;
			buildConfigurations = (
				6BB3CDFB216947B400FF1519 /* Debug */,
				6BB3CDFC216947B400FF1519 /* Release */,
			);
			defaultConfigurationIsVisible = 0;
			defaultConfigurationName = Release;
		};
/* End XCConfigurationList section */

/* Begin XCVersionGroup section */
		6BB3CDD3216947B100FF1519 /* ToDoEY.xcdatamodeld */ = {
			isa = XCVersionGroup;
			children = (
				6BB3CDD4216947B100FF1519 /* ToDoEY.xcdatamodel */,
			);
			currentVersion = 6BB3CDD4216947B100FF1519 /* ToDoEY.xcdatamodel */;
			path = ToDoEY.xcdatamodeld;
			sourceTree = "<group>";
			versionGroupType = wrapper.xcdatamodel;
		};
/* End XCVersionGroup section */
	};
	rootObject = 6BB3CDC1216947B100FF1519 /* Project object */;
}
